
Microsoft Visual Studio Solution File, Format Version 12.00
# Visual Studio Version 17
VisualStudioVersion = 17.0.31903.59
MinimumVisualStudioVersion = 10.0.40219.1
Project("{2150E333-8FDC-42A3-9474-1A3956D46DE8}") = "src", "src", "{827E0CD3-B72D-47B6-A68D-7590B98EB39B}"
EndProject
Project("{FAE04EC0-301F-11D3-BF4B-00C04F79EFBC}") = "VisaFusion.Core", "src\VisaFusion.Core\VisaFusion.Core.csproj", "{88ACFDB6-72F5-4FFF-BA49-22FB73E93FB5}"
EndProject
Project("{FAE04EC0-301F-11D3-BF4B-00C04F79EFBC}") = "VisaFusion.Data", "src\VisaFusion.Data\VisaFusion.Data.csproj", "{D6EFABA3-D705-42B8-936C-7DF5CE615449}"
EndProject
Project("{FAE04EC0-301F-11D3-BF4B-00C04F79EFBC}") = "VisaFusion.Identity", "src\VisaFusion.Identity\VisaFusion.Identity.csproj", "{E4BC5362-5A80-4A5E-B509-8D39780B13E6}"
EndProject
Project("{FAE04EC0-301F-11D3-BF4B-00C04F79EFBC}") = "VisaFusion.Api", "src\VisaFusion.Api\VisaFusion.Api.csproj", "{C49EA601-77A4-4FFE-82EB-8C68E2D542F5}"
EndProject
Project("{FAE04EC0-301F-11D3-BF4B-00C04F79EFBC}") = "VisaFusion.Web", "src\VisaFusion.Web\VisaFusion.Web.csproj", "{0A1A30E6-DD23-4D96-9CF7-2CF883B142AC}"
EndProject
Project("{FAE04EC0-301F-11D3-BF4B-00C04F79EFBC}") = "VisaFusion.Jobs", "src\VisaFusion.Jobs\VisaFusion.Jobs.csproj", "{6422266F-0619-415E-BF44-5D7A863DCF40}"
EndProject
Project("{2150E333-8FDC-42A3-9474-1A3956D46DE8}") = "tests", "tests", "{0AB3BF05-4346-4AA6-1389-037BE0695223}"
EndProject
Project("{2150E333-8FDC-42A3-9474-1A3956D46DE8}") = "UnitTests", "UnitTests", "{394A81D9-3C45-9818-BB26-23F2B85056FF}"
EndProject
Project("{FAE04EC0-301F-11D3-BF4B-00C04F79EFBC}") = "VisaFusion.UnitTests", "tests\UnitTests\VisaFusion.UnitTests.csproj", "{5F3E4F61-F5C2-440D-B2A4-3C2E13E2D3C7}"
EndProject
Project("{2150E333-8FDC-42A3-9474-1A3956D46DE8}") = "IntegrationTests", "IntegrationTests", "{30785934-E017-5D9F-2777-3D61460A5281}"
EndProject
Project("{FAE04EC0-301F-11D3-BF4B-00C04F79EFBC}") = "VisaFusion.IntegrationTests", "tests\IntegrationTests\VisaFusion.IntegrationTests.csproj", "{D3AF703C-3CD2-4301-A858-9BD83B21FF5D}"
EndProject
Project("{2150E333-8FDC-42A3-9474-1A3956D46DE8}") = "FunctionalTests", "FunctionalTests", "{08C9E1BB-0988-BD0B-E94F-1E38E0DB7406}"
EndProject
Project("{FAE04EC0-301F-11D3-BF4B-00C04F79EFBC}") = "VisaFusion.FunctionalTests", "tests\FunctionalTests\VisaFusion.FunctionalTests.csproj", "{04959B5F-891E-42CA-9AA7-875EF2242880}"
EndProject
Global
	GlobalSection(SolutionConfigurationPlatforms) = preSolution
		Debug|Any CPU = Debug|Any CPU
		Debug|x64 = Debug|x64
		Debug|x86 = Debug|x86
		Release|Any CPU = Release|Any CPU
		Release|x64 = Release|x64
		Release|x86 = Release|x86
	EndGlobalSection
	GlobalSection(ProjectConfigurationPlatforms) = postSolution
		{88ACFDB6-72F5-4FFF-BA49-22FB73E93FB5}.Debug|Any CPU.ActiveCfg = Debug|Any CPU
		{88ACFDB6-72F5-4FFF-BA49-22FB73E93FB5}.Debug|Any CPU.Build.0 = Debug|Any CPU
		{88ACFDB6-72F5-4FFF-BA49-22FB73E93FB5}.Debug|x64.ActiveCfg = Debug|Any CPU
		{88ACFDB6-72F5-4FFF-BA49-22FB73E93FB5}.Debug|x64.Build.0 = Debug|Any CPU
		{88ACFDB6-72F5-4FFF-BA49-22FB73E93FB5}.Debug|x86.ActiveCfg = Debug|Any CPU
		{88ACFDB6-72F5-4FFF-BA49-22FB73E93FB5}.Debug|x86.Build.0 = Debug|Any CPU
		{88ACFDB6-72F5-4FFF-BA49-22FB73E93FB5}.Release|Any CPU.ActiveCfg = Release|Any CPU
		{88ACFDB6-72F5-4FFF-BA49-22FB73E93FB5}.Release|Any CPU.Build.0 = Release|Any CPU
		{88ACFDB6-72F5-4FFF-BA49-22FB73E93FB5}.Release|x64.ActiveCfg = Release|Any CPU
		{88ACFDB6-72F5-4FFF-BA49-22FB73E93FB5}.Release|x64.Build.0 = Release|Any CPU
		{88ACFDB6-72F5-4FFF-BA49-22FB73E93FB5}.Release|x86.ActiveCfg = Release|Any CPU
		{88ACFDB6-72F5-4FFF-BA49-22FB73E93FB5}.Release|x86.Build.0 = Release|Any CPU
		{D6EFABA3-D705-42B8-936C-7DF5CE615449}.Debug|Any CPU.ActiveCfg = Debug|Any CPU
		{D6EFABA3-D705-42B8-936C-7DF5CE615449}.Debug|Any CPU.Build.0 = Debug|Any CPU
		{D6EFABA3-D705-42B8-936C-7DF5CE615449}.Debug|x64.ActiveCfg = Debug|Any CPU
		{D6EFABA3-D705-42B8-936C-7DF5CE615449}.Debug|x64.Build.0 = Debug|Any CPU
		{D6EFABA3-D705-42B8-936C-7DF5CE615449}.Debug|x86.ActiveCfg = Debug|Any CPU
		{D6EFABA3-D705-42B8-936C-7DF5CE615449}.Debug|x86.Build.0 = Debug|Any CPU
		{D6EFABA3-D705-42B8-936C-7DF5CE615449}.Release|Any CPU.ActiveCfg = Release|Any CPU
		{D6EFABA3-D705-42B8-936C-7DF5CE615449}.Release|Any CPU.Build.0 = Release|Any CPU
		{D6EFABA3-D705-42B8-936C-7DF5CE615449}.Release|x64.ActiveCfg = Release|Any CPU
		{D6EFABA3-D705-42B8-936C-7DF5CE615449}.Release|x64.Build.0 = Release|Any CPU
		{D6EFABA3-D705-42B8-936C-7DF5CE615449}.Release|x86.ActiveCfg = Release|Any CPU
		{D6EFABA3-D705-42B8-936C-7DF5CE615449}.Release|x86.Build.0 = Release|Any CPU
		{E4BC5362-5A80-4A5E-B509-8D39780B13E6}.Debug|Any CPU.ActiveCfg = Debug|Any CPU
		{E4BC5362-5A80-4A5E-B509-8D39780B13E6}.Debug|Any CPU.Build.0 = Debug|Any CPU
		{E4BC5362-5A80-4A5E-B509-8D39780B13E6}.Debug|x64.ActiveCfg = Debug|Any CPU
		{E4BC5362-5A80-4A5E-B509-8D39780B13E6}.Debug|x64.Build.0 = Debug|Any CPU
		{E4BC5362-5A80-4A5E-B509-8D39780B13E6}.Debug|x86.ActiveCfg = Debug|Any CPU
		{E4BC5362-5A80-4A5E-B509-8D39780B13E6}.Debug|x86.Build.0 = Debug|Any CPU
		{E4BC5362-5A80-4A5E-B509-8D39780B13E6}.Release|Any CPU.ActiveCfg = Release|Any CPU
		{E4BC5362-5A80-4A5E-B509-8D39780B13E6}.Release|Any CPU.Build.0 = Release|Any CPU
		{E4BC5362-5A80-4A5E-B509-8D39780B13E6}.Release|x64.ActiveCfg = Release|Any CPU
		{E4BC5362-5A80-4A5E-B509-8D39780B13E6}.Release|x64.Build.0 = Release|Any CPU
		{E4BC5362-5A80-4A5E-B509-8D39780B13E6}.Release|x86.ActiveCfg = Release|Any CPU
		{E4BC5362-5A80-4A5E-B509-8D39780B13E6}.Release|x86.Build.0 = Release|Any CPU
		{C49EA601-77A4-4FFE-82EB-8C68E2D542F5}.Debug|Any CPU.ActiveCfg = Debug|Any CPU
		{C49EA601-77A4-4FFE-82EB-8C68E2D542F5}.Debug|Any CPU.Build.0 = Debug|Any CPU
		{C49EA601-77A4-4FFE-82EB-8C68E2D542F5}.Debug|x64.ActiveCfg = Debug|Any CPU
		{C49EA601-77A4-4FFE-82EB-8C68E2D542F5}.Debug|x64.Build.0 = Debug|Any CPU
		{C49EA601-77A4-4FFE-82EB-8C68E2D542F5}.Debug|x86.ActiveCfg = Debug|Any CPU
		{C49EA601-77A4-4FFE-82EB-8C68E2D542F5}.Debug|x86.Build.0 = Debug|Any CPU
		{C49EA601-77A4-4FFE-82EB-8C68E2D542F5}.Release|Any CPU.ActiveCfg = Release|Any CPU
		{C49EA601-77A4-4FFE-82EB-8C68E2D542F5}.Release|Any CPU.Build.0 = Release|Any CPU
		{C49EA601-77A4-4FFE-82EB-8C68E2D542F5}.Release|x64.ActiveCfg = Release|Any CPU
		{C49EA601-77A4-4FFE-82EB-8C68E2D542F5}.Release|x64.Build.0 = Release|Any CPU
		{C49EA601-77A4-4FFE-82EB-8C68E2D542F5}.Release|x86.ActiveCfg = Release|Any CPU
		{C49EA601-77A4-4FFE-82EB-8C68E2D542F5}.Release|x86.Build.0 = Release|Any CPU
		{0A1A30E6-DD23-4D96-9CF7-2CF883B142AC}.Debug|Any CPU.ActiveCfg = Debug|Any CPU
		{0A1A30E6-DD23-4D96-9CF7-2CF883B142AC}.Debug|Any CPU.Build.0 = Debug|Any CPU
		{0A1A30E6-DD23-4D96-9CF7-2CF883B142AC}.Debug|x64.ActiveCfg = Debug|Any CPU
		{0A1A30E6-DD23-4D96-9CF7-2CF883B142AC}.Debug|x64.Build.0 = Debug|Any CPU
		{0A1A30E6-DD23-4D96-9CF7-2CF883B142AC}.Debug|x86.ActiveCfg = Debug|Any CPU
		{0A1A30E6-DD23-4D96-9CF7-2CF883B142AC}.Debug|x86.Build.0 = Debug|Any CPU
		{0A1A30E6-DD23-4D96-9CF7-2CF883B142AC}.Release|Any CPU.ActiveCfg = Release|Any CPU
		{0A1A30E6-DD23-4D96-9CF7-2CF883B142AC}.Release|Any CPU.Build.0 = Release|Any CPU
		{0A1A30E6-DD23-4D96-9CF7-2CF883B142AC}.Release|x64.ActiveCfg = Release|Any CPU
		{0A1A30E6-DD23-4D96-9CF7-2CF883B142AC}.Release|x64.Build.0 = Release|Any CPU
		{0A1A30E6-DD23-4D96-9CF7-2CF883B142AC}.Release|x86.ActiveCfg = Release|Any CPU
		{0A1A30E6-DD23-4D96-9CF7-2CF883B142AC}.Release|x86.Build.0 = Release|Any CPU
		{6422266F-0619-415E-BF44-5D7A863DCF40}.Debug|Any CPU.ActiveCfg = Debug|Any CPU
		{6422266F-0619-415E-BF44-5D7A863DCF40}.Debug|Any CPU.Build.0 = Debug|Any CPU
		{6422266F-0619-415E-BF44-5D7A863DCF40}.Debug|x64.ActiveCfg = Debug|Any CPU
		{6422266F-0619-415E-BF44-5D7A863DCF40}.Debug|x64.Build.0 = Debug|Any CPU
		{6422266F-0619-415E-BF44-5D7A863DCF40}.Debug|x86.ActiveCfg = Debug|Any CPU
		{6422266F-0619-415E-BF44-5D7A863DCF40}.Debug|x86.Build.0 = Debug|Any CPU
		{6422266F-0619-415E-BF44-5D7A863DCF40}.Release|Any CPU.ActiveCfg = Release|Any CPU
		{6422266F-0619-415E-BF44-5D7A863DCF40}.Release|Any CPU.Build.0 = Release|Any CPU
		{6422266F-0619-415E-BF44-5D7A863DCF40}.Release|x64.ActiveCfg = Release|Any CPU
		{6422266F-0619-415E-BF44-5D7A863DCF40}.Release|x64.Build.0 = Release|Any CPU
		{6422266F-0619-415E-BF44-5D7A863DCF40}.Release|x86.ActiveCfg = Release|Any CPU
		{6422266F-0619-415E-BF44-5D7A863DCF40}.Release|x86.Build.0 = Release|Any CPU
		{5F3E4F61-F5C2-440D-B2A4-3C2E13E2D3C7}.Debug|Any CPU.ActiveCfg = Debug|Any CPU
		{5F3E4F61-F5C2-440D-B2A4-3C2E13E2D3C7}.Debug|Any CPU.Build.0 = Debug|Any CPU
		{5F3E4F61-F5C2-440D-B2A4-3C2E13E2D3C7}.Debug|x64.ActiveCfg = Debug|Any CPU
		{5F3E4F61-F5C2-440D-B2A4-3C2E13E2D3C7}.Debug|x64.Build.0 = Debug|Any CPU
		{5F3E4F61-F5C2-440D-B2A4-3C2E13E2D3C7}.Debug|x86.ActiveCfg = Debug|Any CPU
		{5F3E4F61-F5C2-440D-B2A4-3C2E13E2D3C7}.Debug|x86.Build.0 = Debug|Any CPU
		{5F3E4F61-F5C2-440D-B2A4-3C2E13E2D3C7}.Release|Any CPU.ActiveCfg = Release|Any CPU
		{5F3E4F61-F5C2-440D-B2A4-3C2E13E2D3C7}.Release|Any CPU.Build.0 = Release|Any CPU
		{5F3E4F61-F5C2-440D-B2A4-3C2E13E2D3C7}.Release|x64.ActiveCfg = Release|Any CPU
		{5F3E4F61-F5C2-440D-B2A4-3C2E13E2D3C7}.Release|x64.Build.0 = Release|Any CPU
		{5F3E4F61-F5C2-440D-B2A4-3C2E13E2D3C7}.Release|x86.ActiveCfg = Release|Any CPU
		{5F3E4F61-F5C2-440D-B2A4-3C2E13E2D3C7}.Release|x86.Build.0 = Release|Any CPU
		{D3AF703C-3CD2-4301-A858-9BD83B21FF5D}.Debug|Any CPU.ActiveCfg = Debug|Any CPU
		{D3AF703C-3CD2-4301-A858-9BD83B21FF5D}.Debug|Any CPU.Build.0 = Debug|Any CPU
		{D3AF703C-3CD2-4301-A858-9BD83B21FF5D}.Debug|x64.ActiveCfg = Debug|Any CPU
		{D3AF703C-3CD2-4301-A858-9BD83B21FF5D}.Debug|x64.Build.0 = Debug|Any CPU
		{D3AF703C-3CD2-4301-A858-9BD83B21FF5D}.Debug|x86.ActiveCfg = Debug|Any CPU
		{D3AF703C-3CD2-4301-A858-9BD83B21FF5D}.Debug|x86.Build.0 = Debug|Any CPU
		{D3AF703C-3CD2-4301-A858-9BD83B21FF5D}.Release|Any CPU.ActiveCfg = Release|Any CPU
		{D3AF703C-3CD2-4301-A858-9BD83B21FF5D}.Release|Any CPU.Build.0 = Release|Any CPU
		{D3AF703C-3CD2-4301-A858-9BD83B21FF5D}.Release|x64.ActiveCfg = Release|Any CPU
		{D3AF703C-3CD2-4301-A858-9BD83B21FF5D}.Release|x64.Build.0 = Release|Any CPU
		{D3AF703C-3CD2-4301-A858-9BD83B21FF5D}.Release|x86.ActiveCfg = Release|Any CPU
		{D3AF703C-3CD2-4301-A858-9BD83B21FF5D}.Release|x86.Build.0 = Release|Any CPU
		{04959B5F-891E-42CA-9AA7-875EF2242880}.Debug|Any CPU.ActiveCfg = Debug|Any CPU
		{04959B5F-891E-42CA-9AA7-875EF2242880}.Debug|Any CPU.Build.0 = Debug|Any CPU
		{04959B5F-891E-42CA-9AA7-875EF2242880}.Debug|x64.ActiveCfg = Debug|Any CPU
		{04959B5F-891E-42CA-9AA7-875EF2242880}.Debug|x64.Build.0 = Debug|Any CPU
		{04959B5F-891E-42CA-9AA7-875EF2242880}.Debug|x86.ActiveCfg = Debug|Any CPU
		{04959B5F-891E-42CA-9AA7-875EF2242880}.Debug|x86.Build.0 = Debug|Any CPU
		{04959B5F-891E-42CA-9AA7-875EF2242880}.Release|Any CPU.ActiveCfg = Release|Any CPU
		{04959B5F-891E-42CA-9AA7-875EF2242880}.Release|Any CPU.Build.0 = Release|Any CPU
		{04959B5F-891E-42CA-9AA7-875EF2242880}.Release|x64.ActiveCfg = Release|Any CPU
		{04959B5F-891E-42CA-9AA7-875EF2242880}.Release|x64.Build.0 = Release|Any CPU
		{04959B5F-891E-42CA-9AA7-875EF2242880}.Release|x86.ActiveCfg = Release|Any CPU
		{04959B5F-891E-42CA-9AA7-875EF2242880}.Release|x86.Build.0 = Release|Any CPU
	EndGlobalSection
	GlobalSection(SolutionProperties) = preSolution
		HideSolutionNode = FALSE
	EndGlobalSection
	GlobalSection(NestedProjects) = preSolution
		{88ACFDB6-72F5-4FFF-BA49-22FB73E93FB5} = {827E0CD3-B72D-47B6-A68D-7590B98EB39B}
		{D6EFABA3-D705-42B8-936C-7DF5CE615449} = {827E0CD3-B72D-47B6-A68D-7590B98EB39B}
		{E4BC5362-5A80-4A5E-B509-8D39780B13E6} = {827E0CD3-B72D-47B6-A68D-7590B98EB39B}
		{C49EA601-77A4-4FFE-82EB-8C68E2D542F5} = {827E0CD3-B72D-47B6-A68D-7590B98EB39B}
		{0A1A30E6-DD23-4D96-9CF7-2CF883B142AC} = {827E0CD3-B72D-47B6-A68D-7590B98EB39B}
		{6422266F-0619-415E-BF44-5D7A863DCF40} = {827E0CD3-B72D-47B6-A68D-7590B98EB39B}
		{394A81D9-3C45-9818-BB26-23F2B85056FF} = {0AB3BF05-4346-4AA6-1389-037BE0695223}
		{5F3E4F61-F5C2-440D-B2A4-3C2E13E2D3C7} = {394A81D9-3C45-9818-BB26-23F2B85056FF}
		{30785934-E017-5D9F-2777-3D61460A5281} = {0AB3BF05-4346-4AA6-1389-037BE0695223}
		{D3AF703C-3CD2-4301-A858-9BD83B21FF5D} = {30785934-E017-5D9F-2777-3D61460A5281}
		{08C9E1BB-0988-BD0B-E94F-1E38E0DB7406} = {0AB3BF05-4346-4AA6-1389-037BE0695223}
		{04959B5F-891E-42CA-9AA7-875EF2242880} = {08C9E1BB-0988-BD0B-E94F-1E38E0DB7406}
	EndGlobalSection
EndGlobal
